
Microsoft Visual Studio Solution File, Format Version 11.00
# Visual Studio 2010
Project("{8BC9CEB8-8B4A-11D0-8D11-00A0C91BC942}") = "MW2", "MW2\MW2.vcxproj", "{871F918D-DC8D-4BD7-88F1-7ED7771443C2}"
EndProject
Global
	GlobalSection(SolutionConfigurationPlatforms) = preSolution
		Debug|PS3 = Debug|PS3
		Release|PS3 = Release|PS3
	EndGlobalSection
	GlobalSection(ProjectConfigurationPlatforms) = postSolution
		{871F918D-DC8D-4BD7-88F1-7ED7771443C2}.Debug|PS3.ActiveCfg = Debug|PS3
		{871F918D-DC8D-4BD7-88F1-7ED7771443C2}.Debug|PS3.Build.0 = Debug|PS3
		{871F918D-DC8D-4BD7-88F1-7ED7771443C2}.Release|PS3.ActiveCfg = Release|PS3
		{871F918D-DC8D-4BD7-88F1-7ED7771443C2}.Release|PS3.Build.0 = Release|PS3
	EndGlobalSection
	GlobalSection(SolutionProperties) = preSolution
		HideSolutionNode = FALSE
	EndGlobalSection
EndGlobal
